
Microsoft Visual Studio Solution File, Format Version 12.00
# Visual Studio Version 17
VisualStudioVersion = 17.11.35303.130
MinimumVisualStudioVersion = 10.0.40219.1
Project("{FAE04EC0-301F-11D3-BF4B-00C04F79EFBC}") = "SeniorDeveloperAdayaTes", "SeniorDeveloperAdayaTes\SeniorDeveloperAdayaTes.csproj", "{5BFFC3CE-4D67-483A-9CE8-AB91A3E8CEFE}"
EndProject
Project("{FAE04EC0-301F-11D3-BF4B-00C04F79EFBC}") = "OrderManagement.Tests", "OrderManagement.Tests\OrderManagement.Tests.csproj", "{CC543021-01C3-4FF5-8DE7-B71640A3F87E}"
EndProject
Global
	GlobalSection(SolutionConfigurationPlatforms) = preSolution
		Debug|Any CPU = Debug|Any CPU
		Release|Any CPU = Release|Any CPU
	EndGlobalSection
	GlobalSection(ProjectConfigurationPlatforms) = postSolution
		{5BFFC3CE-4D67-483A-9CE8-AB91A3E8CEFE}.Debug|Any CPU.ActiveCfg = Debug|Any CPU
		{5BFFC3CE-4D67-483A-9CE8-AB91A3E8CEFE}.Debug|Any CPU.Build.0 = Debug|Any CPU
		{5BFFC3CE-4D67-483A-9CE8-AB91A3E8CEFE}.Release|Any CPU.ActiveCfg = Release|Any CPU
		{5BFFC3CE-4D67-483A-9CE8-AB91A3E8CEFE}.Release|Any CPU.Build.0 = Release|Any CPU
		{CC543021-01C3-4FF5-8DE7-B71640A3F87E}.Debug|Any CPU.ActiveCfg = Debug|Any CPU
		{CC543021-01C3-4FF5-8DE7-B71640A3F87E}.Debug|Any CPU.Build.0 = Debug|Any CPU
		{CC543021-01C3-4FF5-8DE7-B71640A3F87E}.Release|Any CPU.ActiveCfg = Release|Any CPU
		{CC543021-01C3-4FF5-8DE7-B71640A3F87E}.Release|Any CPU.Build.0 = Release|Any CPU
	EndGlobalSection
	GlobalSection(SolutionProperties) = preSolution
		HideSolutionNode = FALSE
	EndGlobalSection
	GlobalSection(ExtensibilityGlobals) = postSolution
		SolutionGuid = {C4456427-2A72-49AB-9178-0AE3C51684B3}
	EndGlobalSection
EndGlobal
